
Microsoft Visual Studio Solution File, Format Version 12.00
# Visual Studio 15
VisualStudioVersion = 15.0.26430.12
MinimumVisualStudioVersion = 10.0.40219.1
Project("{FAE04EC0-301F-11D3-BF4B-00C04F79EFBC}") = "Player.IO Test Server Project.VS2017", "Player.IO Test Server Project\Player.IO Test Server Project.VS2017.csproj", "{091757F1-5389-4916-91C0-3A24A4C4E349}"
EndProject
Project("{FAE04EC0-301F-11D3-BF4B-00C04F79EFBC}") = "Game.Code.VS2017", "Game.Code.VS2017\Game.Code.VS2017.csproj", "{FCA05D6D-DE47-4872-9EFA-1FBA2E932044}"
EndProject
Global
	GlobalSection(SolutionConfigurationPlatforms) = preSolution
		Debug|Any CPU = Debug|Any CPU
		Release|Any CPU = Release|Any CPU
	EndGlobalSection
	GlobalSection(ProjectConfigurationPlatforms) = postSolution
		{091757F1-5389-4916-91C0-3A24A4C4E349}.Debug|Any CPU.ActiveCfg = Debug|Any CPU
		{091757F1-5389-4916-91C0-3A24A4C4E349}.Debug|Any CPU.Build.0 = Debug|Any CPU
		{091757F1-5389-4916-91C0-3A24A4C4E349}.Release|Any CPU.ActiveCfg = Release|Any CPU
		{091757F1-5389-4916-91C0-3A24A4C4E349}.Release|Any CPU.Build.0 = Release|Any CPU
		{FCA05D6D-DE47-4872-9EFA-1FBA2E932044}.Debug|Any CPU.ActiveCfg = Debug|Any CPU
		{FCA05D6D-DE47-4872-9EFA-1FBA2E932044}.Debug|Any CPU.Build.0 = Debug|Any CPU
		{FCA05D6D-DE47-4872-9EFA-1FBA2E932044}.Release|Any CPU.ActiveCfg = Release|Any CPU
		{FCA05D6D-DE47-4872-9EFA-1FBA2E932044}.Release|Any CPU.Build.0 = Release|Any CPU
	EndGlobalSection
	GlobalSection(SolutionProperties) = preSolution
		HideSolutionNode = FALSE
	EndGlobalSection
EndGlobal
